
Microsoft Visual Studio Solution File, Format Version 12.00
# Visual Studio Version 17
VisualStudioVersion = 17.0.32014.148
MinimumVisualStudioVersion = 10.0.40219.1
Project("{9A19103F-16F7-4668-BE54-9A1E7A4F7556}") = "API_Authorization", "API_Authorization\API_Authorization.csproj", "{FC297FBB-E760-410F-B581-40EE591899D5}"
EndProject
Project("{E53339B2-1760-4266-BCC7-CA923CBCF16C}") = "docker-compose", "docker-compose.dcproj", "{27924422-6612-49BF-B45B-B961AE1BD5CA}"
EndProject
Global
	GlobalSection(SolutionConfigurationPlatforms) = preSolution
		Debug|Any CPU = Debug|Any CPU
		Release|Any CPU = Release|Any CPU
	EndGlobalSection
	GlobalSection(ProjectConfigurationPlatforms) = postSolution
		{FC297FBB-E760-410F-B581-40EE591899D5}.Debug|Any CPU.ActiveCfg = Debug|Any CPU
		{FC297FBB-E760-410F-B581-40EE591899D5}.Debug|Any CPU.Build.0 = Debug|Any CPU
		{FC297FBB-E760-410F-B581-40EE591899D5}.Release|Any CPU.ActiveCfg = Release|Any CPU
		{FC297FBB-E760-410F-B581-40EE591899D5}.Release|Any CPU.Build.0 = Release|Any CPU
		{27924422-6612-49BF-B45B-B961AE1BD5CA}.Debug|Any CPU.ActiveCfg = Debug|Any CPU
		{27924422-6612-49BF-B45B-B961AE1BD5CA}.Debug|Any CPU.Build.0 = Debug|Any CPU
		{27924422-6612-49BF-B45B-B961AE1BD5CA}.Release|Any CPU.ActiveCfg = Release|Any CPU
		{27924422-6612-49BF-B45B-B961AE1BD5CA}.Release|Any CPU.Build.0 = Release|Any CPU
	EndGlobalSection
	GlobalSection(SolutionProperties) = preSolution
		HideSolutionNode = FALSE
	EndGlobalSection
	GlobalSection(ExtensibilityGlobals) = postSolution
		SolutionGuid = {EAA2443B-F012-42E9-9CF4-57232CB4DF71}
	EndGlobalSection
EndGlobal
